
Microsoft Visual Studio Solution File, Format Version 12.00
# Visual Studio 15
Project("{FAE04EC0-301F-11D3-BF4B-00C04F79EFBC}") = "HomeExercise", "HomeExercise\HomeExercise.csproj", "{B473A82E-D03E-44C8-B3C0-4988C932CF57}"
EndProject
Global
	GlobalSection(SolutionConfigurationPlatforms) = preSolution
		Debug|Any CPU = Debug|Any CPU
		Release|Any CPU = Release|Any CPU
	EndGlobalSection
	GlobalSection(ProjectConfigurationPlatforms) = postSolution
		{B473A82E-D03E-44C8-B3C0-4988C932CF57}.Debug|Any CPU.ActiveCfg = Debug|Any CPU
		{B473A82E-D03E-44C8-B3C0-4988C932CF57}.Debug|Any CPU.Build.0 = Debug|Any CPU
		{B473A82E-D03E-44C8-B3C0-4988C932CF57}.Release|Any CPU.ActiveCfg = Release|Any CPU
		{B473A82E-D03E-44C8-B3C0-4988C932CF57}.Release|Any CPU.Build.0 = Release|Any CPU
	EndGlobalSection
EndGlobal
